
Microsoft Visual Studio Solution File, Format Version 12.00
# Visual Studio Version 16
VisualStudioVersion = 16.0.30621.155
MinimumVisualStudioVersion = 10.0.40219.1
Project("{FAE04EC0-301F-11D3-BF4B-00C04F79EFBC}") = "Aurore", "Aurore\Aurore.csproj", "{F836D925-A535-4827-975D-A01CAB62BE6F}"
EndProject
Global
	GlobalSection(SolutionConfigurationPlatforms) = preSolution
		Debug|Any CPU = Debug|Any CPU
		Release|Any CPU = Release|Any CPU
	EndGlobalSection
	GlobalSection(ProjectConfigurationPlatforms) = postSolution
		{F836D925-A535-4827-975D-A01CAB62BE6F}.Debug|Any CPU.ActiveCfg = Debug|Any CPU
		{F836D925-A535-4827-975D-A01CAB62BE6F}.Debug|Any CPU.Build.0 = Debug|Any CPU
		{F836D925-A535-4827-975D-A01CAB62BE6F}.Release|Any CPU.ActiveCfg = Release|Any CPU
		{F836D925-A535-4827-975D-A01CAB62BE6F}.Release|Any CPU.Build.0 = Release|Any CPU
	EndGlobalSection
	GlobalSection(SolutionProperties) = preSolution
		HideSolutionNode = FALSE
	EndGlobalSection
	GlobalSection(ExtensibilityGlobals) = postSolution
		SolutionGuid = {FEBB24F9-D40E-4FB0-9043-35BD611B4526}
	EndGlobalSection
EndGlobal
